
Microsoft Visual Studio Solution File, Format Version 12.00
# Visual Studio Version 16
VisualStudioVersion = 16.0.28803.202
MinimumVisualStudioVersion = 10.0.40219.1
Project("{9A19103F-16F7-4668-BE54-9A1E7A4F7556}") = "SampleWebApi", "SampleWebApi\SampleWebApi.csproj", "{87BC68E1-65A8-43E3-80D2-CCB604AD14EB}"
EndProject
Global
	GlobalSection(SolutionConfigurationPlatforms) = preSolution
		Debug|Any CPU = Debug|Any CPU
		Release|Any CPU = Release|Any CPU
	EndGlobalSection
	GlobalSection(ProjectConfigurationPlatforms) = postSolution
		{87BC68E1-65A8-43E3-80D2-CCB604AD14EB}.Debug|Any CPU.ActiveCfg = Debug|Any CPU
		{87BC68E1-65A8-43E3-80D2-CCB604AD14EB}.Debug|Any CPU.Build.0 = Debug|Any CPU
		{87BC68E1-65A8-43E3-80D2-CCB604AD14EB}.Release|Any CPU.ActiveCfg = Release|Any CPU
		{87BC68E1-65A8-43E3-80D2-CCB604AD14EB}.Release|Any CPU.Build.0 = Release|Any CPU
	EndGlobalSection
	GlobalSection(SolutionProperties) = preSolution
		HideSolutionNode = FALSE
	EndGlobalSection
	GlobalSection(ExtensibilityGlobals) = postSolution
		SolutionGuid = {BD6B91E7-FAC1-4D63-B392-D7E5E249DDF9}
	EndGlobalSection
EndGlobal
